
Microsoft Visual Studio Solution File, Format Version 12.00
# Visual Studio Version 17
VisualStudioVersion = 17.14.36915.13 d17.14
MinimumVisualStudioVersion = 10.0.40219.1
Project("{FAE04EC0-301F-11D3-BF4B-00C04F79EFBC}") = "MusicDiaryBot", "MusicDiaryBot\MusicDiaryBot.csproj", "{C6380FF1-9F88-46AD-8197-E4758F3B3B97}"
EndProject
Global
	GlobalSection(SolutionConfigurationPlatforms) = preSolution
		Debug|Any CPU = Debug|Any CPU
		Release|Any CPU = Release|Any CPU
	EndGlobalSection
	GlobalSection(ProjectConfigurationPlatforms) = postSolution
		{C6380FF1-9F88-46AD-8197-E4758F3B3B97}.Debug|Any CPU.ActiveCfg = Debug|Any CPU
		{C6380FF1-9F88-46AD-8197-E4758F3B3B97}.Debug|Any CPU.Build.0 = Debug|Any CPU
		{C6380FF1-9F88-46AD-8197-E4758F3B3B97}.Release|Any CPU.ActiveCfg = Release|Any CPU
		{C6380FF1-9F88-46AD-8197-E4758F3B3B97}.Release|Any CPU.Build.0 = Release|Any CPU
	EndGlobalSection
	GlobalSection(SolutionProperties) = preSolution
		HideSolutionNode = FALSE
	EndGlobalSection
	GlobalSection(ExtensibilityGlobals) = postSolution
		SolutionGuid = {6DE0A8B1-59A9-4369-81F4-7CCC182754B2}
	EndGlobalSection
EndGlobal
